
Microsoft Visual Studio Solution File, Format Version 12.00
# Visual Studio 14
VisualStudioVersion = 14.0.25420.1
MinimumVisualStudioVersion = 10.0.40219.1
Project("{8BC9CEB8-8B4A-11D0-8D11-00A0C91BC942}") = "EngineOfEvil", "EngineOfEvil\EngineOfEvil.vcxproj", "{AA5EFECB-D5DC-4FF7-B302-9B05AC658F58}"
EndProject
Project("{8BC9CEB8-8B4A-11D0-8D11-00A0C91BC942}") = "SDL2", "SDL2\SDL2.vcxproj", "{AC35D4B2-8AFD-4C45-AFF7-423BD2EF6107}"
EndProject
Project("{8BC9CEB8-8B4A-11D0-8D11-00A0C91BC942}") = "SDL2main", "SDL2main\SDL2main.vcxproj", "{2FA30E73-C767-46EC-BD23-EC3AE3F92ABC}"
EndProject
Project("{8BC9CEB8-8B4A-11D0-8D11-00A0C91BC942}") = "SDL2_gfx", "SDL2_gfx\SDL2_gfx.vcxproj", "{0F90CDB2-5140-406B-9101-777B2F1474A8}"
EndProject
Project("{8BC9CEB8-8B4A-11D0-8D11-00A0C91BC942}") = "SDL2_image", "SDL2_image\SDL2_image.vcxproj", "{83DBF906-D144-4920-9207-E1038B26C88D}"
EndProject
Project("{8BC9CEB8-8B4A-11D0-8D11-00A0C91BC942}") = "SDL2_mixer", "SDL2_mixer\SDL2_mixer.vcxproj", "{0371E81E-72ED-4AF6-8326-81AD12485B33}"
EndProject
Project("{8BC9CEB8-8B4A-11D0-8D11-00A0C91BC942}") = "SDL2_net", "SDL2_net\SDL2_net.vcxproj", "{D2E63E6C-0532-4AF0-8E93-A806561A7596}"
EndProject
Project("{8BC9CEB8-8B4A-11D0-8D11-00A0C91BC942}") = "SDL2_ttf", "SDL2_ttf\SDL2_ttf.vcxproj", "{5730A80F-A173-4F10-BF32-31BFF25BB49A}"
EndProject
Project("{8BC9CEB8-8B4A-11D0-8D11-00A0C91BC942}") = "libfreetype", "libfreetype\libfreetype.vcxproj", "{40019CFF-D32E-4BCF-9831-17F1F15690C5}"
EndProject
Project("{8BC9CEB8-8B4A-11D0-8D11-00A0C91BC942}") = "libpng", "libpng\libpng.vcxproj", "{9FA093F1-A096-447A-979A-B9E9D808C82C}"
EndProject
Project("{8BC9CEB8-8B4A-11D0-8D11-00A0C91BC942}") = "libzlib", "libzlib\libzlib.vcxproj", "{3EDA72B4-0BF1-4D04-ADE4-B6ED77CDB985}"
EndProject
Project("{8BC9CEB8-8B4A-11D0-8D11-00A0C91BC942}") = "native_midi", "native_midi\native_midi.vcxproj", "{B0D5A230-6C44-4216-90A3-78217A1CB6D3}"
EndProject
Project("{8BC9CEB8-8B4A-11D0-8D11-00A0C91BC942}") = "timidity", "timidity\timidity.vcxproj", "{3D8802C1-4B39-4048-8341-871DE451A00B}"
EndProject
Project("{8BC9CEB8-8B4A-11D0-8D11-00A0C91BC942}") = "libglew", "libglew\libglew.vcxproj", "{9DBCE6B3-8CBD-4A62-BFD1-315A8459C8B0}"
EndProject
Project("{8BC9CEB8-8B4A-11D0-8D11-00A0C91BC942}") = "libsoil2", "libsoil2\libsoil2.vcxproj", "{5CA45C92-0666-4C96-B9D8-5962E67DE055}"
EndProject
Project("{8BC9CEB8-8B4A-11D0-8D11-00A0C91BC942}") = "SDL_gpu", "SDL_gpu\SDL_gpu.vcxproj", "{E89B6DE9-E7F3-4FF8-92F8-D71E7BAC87E7}"
EndProject
Project("{8BC9CEB8-8B4A-11D0-8D11-00A0C91BC942}") = "EditorOfEvil", "EditorOfEvil\EditorOfEvil.vcxproj", "{B85EE1CB-1BE1-435D-8177-8C2485B3BB99}"
EndProject
Global
	GlobalSection(SolutionConfigurationPlatforms) = preSolution
		Debug|x64 = Debug|x64
		Debug|x86 = Debug|x86
		Release|x64 = Release|x64
		Release|x86 = Release|x86
	EndGlobalSection
	GlobalSection(ProjectConfigurationPlatforms) = postSolution
		{AA5EFECB-D5DC-4FF7-B302-9B05AC658F58}.Debug|x64.ActiveCfg = Debug|x64
		{AA5EFECB-D5DC-4FF7-B302-9B05AC658F58}.Debug|x64.Build.0 = Debug|x64
		{AA5EFECB-D5DC-4FF7-B302-9B05AC658F58}.Debug|x86.ActiveCfg = Debug|Win32
		{AA5EFECB-D5DC-4FF7-B302-9B05AC658F58}.Debug|x86.Build.0 = Debug|Win32
		{AA5EFECB-D5DC-4FF7-B302-9B05AC658F58}.Release|x64.ActiveCfg = Release|x64
		{AA5EFECB-D5DC-4FF7-B302-9B05AC658F58}.Release|x64.Build.0 = Release|x64
		{AA5EFECB-D5DC-4FF7-B302-9B05AC658F58}.Release|x86.ActiveCfg = Release|Win32
		{AA5EFECB-D5DC-4FF7-B302-9B05AC658F58}.Release|x86.Build.0 = Release|Win32
		{AC35D4B2-8AFD-4C45-AFF7-423BD2EF6107}.Debug|x64.ActiveCfg = Debug|x64
		{AC35D4B2-8AFD-4C45-AFF7-423BD2EF6107}.Debug|x64.Build.0 = Debug|x64
		{AC35D4B2-8AFD-4C45-AFF7-423BD2EF6107}.Debug|x86.ActiveCfg = Debug|Win32
		{AC35D4B2-8AFD-4C45-AFF7-423BD2EF6107}.Debug|x86.Build.0 = Debug|Win32
		{AC35D4B2-8AFD-4C45-AFF7-423BD2EF6107}.Release|x64.ActiveCfg = Release|x64
		{AC35D4B2-8AFD-4C45-AFF7-423BD2EF6107}.Release|x64.Build.0 = Release|x64
		{AC35D4B2-8AFD-4C45-AFF7-423BD2EF6107}.Release|x86.ActiveCfg = Release|Win32
		{AC35D4B2-8AFD-4C45-AFF7-423BD2EF6107}.Release|x86.Build.0 = Release|Win32
		{2FA30E73-C767-46EC-BD23-EC3AE3F92ABC}.Debug|x64.ActiveCfg = Debug|x64
		{2FA30E73-C767-46EC-BD23-EC3AE3F92ABC}.Debug|x64.Build.0 = Debug|x64
		{2FA30E73-C767-46EC-BD23-EC3AE3F92ABC}.Debug|x86.ActiveCfg = Debug|Win32
		{2FA30E73-C767-46EC-BD23-EC3AE3F92ABC}.Debug|x86.Build.0 = Debug|Win32
		{2FA30E73-C767-46EC-BD23-EC3AE3F92ABC}.Release|x64.ActiveCfg = Release|x64
		{2FA30E73-C767-46EC-BD23-EC3AE3F92ABC}.Release|x64.Build.0 = Release|x64
		{2FA30E73-C767-46EC-BD23-EC3AE3F92ABC}.Release|x86.ActiveCfg = Release|Win32
		{2FA30E73-C767-46EC-BD23-EC3AE3F92ABC}.Release|x86.Build.0 = Release|Win32
		{0F90CDB2-5140-406B-9101-777B2F1474A8}.Debug|x64.ActiveCfg = Debug|x64
		{0F90CDB2-5140-406B-9101-777B2F1474A8}.Debug|x64.Build.0 = Debug|x64
		{0F90CDB2-5140-406B-9101-777B2F1474A8}.Debug|x86.ActiveCfg = Debug|Win32
		{0F90CDB2-5140-406B-9101-777B2F1474A8}.Debug|x86.Build.0 = Debug|Win32
		{0F90CDB2-5140-406B-9101-777B2F1474A8}.Release|x64.ActiveCfg = Release|x64
		{0F90CDB2-5140-406B-9101-777B2F1474A8}.Release|x64.Build.0 = Release|x64
		{0F90CDB2-5140-406B-9101-777B2F1474A8}.Release|x86.ActiveCfg = Release|Win32
		{0F90CDB2-5140-406B-9101-777B2F1474A8}.Release|x86.Build.0 = Release|Win32
		{83DBF906-D144-4920-9207-E1038B26C88D}.Debug|x64.ActiveCfg = Debug|x64
		{83DBF906-D144-4920-9207-E1038B26C88D}.Debug|x64.Build.0 = Debug|x64
		{83DBF906-D144-4920-9207-E1038B26C88D}.Debug|x86.ActiveCfg = Debug|Win32
		{83DBF906-D144-4920-9207-E1038B26C88D}.Debug|x86.Build.0 = Debug|Win32
		{83DBF906-D144-4920-9207-E1038B26C88D}.Release|x64.ActiveCfg = Release|x64
		{83DBF906-D144-4920-9207-E1038B26C88D}.Release|x64.Build.0 = Release|x64
		{83DBF906-D144-4920-9207-E1038B26C88D}.Release|x86.ActiveCfg = Release|Win32
		{83DBF906-D144-4920-9207-E1038B26C88D}.Release|x86.Build.0 = Release|Win32
		{0371E81E-72ED-4AF6-8326-81AD12485B33}.Debug|x64.ActiveCfg = Debug|x64
		{0371E81E-72ED-4AF6-8326-81AD12485B33}.Debug|x64.Build.0 = Debug|x64
		{0371E81E-72ED-4AF6-8326-81AD12485B33}.Debug|x86.ActiveCfg = Debug|Win32
		{0371E81E-72ED-4AF6-8326-81AD12485B33}.Debug|x86.Build.0 = Debug|Win32
		{0371E81E-72ED-4AF6-8326-81AD12485B33}.Release|x64.ActiveCfg = Release|x64
		{0371E81E-72ED-4AF6-8326-81AD12485B33}.Release|x64.Build.0 = Release|x64
		{0371E81E-72ED-4AF6-8326-81AD12485B33}.Release|x86.ActiveCfg = Release|Win32
		{0371E81E-72ED-4AF6-8326-81AD12485B33}.Release|x86.Build.0 = Release|Win32
		{D2E63E6C-0532-4AF0-8E93-A806561A7596}.Debug|x64.ActiveCfg = Debug|x64
		{D2E63E6C-0532-4AF0-8E93-A806561A7596}.Debug|x64.Build.0 = Debug|x64
		{D2E63E6C-0532-4AF0-8E93-A806561A7596}.Debug|x86.ActiveCfg = Debug|Win32
		{D2E63E6C-0532-4AF0-8E93-A806561A7596}.Debug|x86.Build.0 = Debug|Win32
		{D2E63E6C-0532-4AF0-8E93-A806561A7596}.Release|x64.ActiveCfg = Release|x64
		{D2E63E6C-0532-4AF0-8E93-A806561A7596}.Release|x64.Build.0 = Release|x64
		{D2E63E6C-0532-4AF0-8E93-A806561A7596}.Release|x86.ActiveCfg = Release|Win32
		{D2E63E6C-0532-4AF0-8E93-A806561A7596}.Release|x86.Build.0 = Release|Win32
		{5730A80F-A173-4F10-BF32-31BFF25BB49A}.Debug|x64.ActiveCfg = Debug|x64
		{5730A80F-A173-4F10-BF32-31BFF25BB49A}.Debug|x64.Build.0 = Debug|x64
		{5730A80F-A173-4F10-BF32-31BFF25BB49A}.Debug|x86.ActiveCfg = Debug|Win32
		{5730A80F-A173-4F10-BF32-31BFF25BB49A}.Debug|x86.Build.0 = Debug|Win32
		{5730A80F-A173-4F10-BF32-31BFF25BB49A}.Release|x64.ActiveCfg = Release|x64
		{5730A80F-A173-4F10-BF32-31BFF25BB49A}.Release|x64.Build.0 = Release|x64
		{5730A80F-A173-4F10-BF32-31BFF25BB49A}.Release|x86.ActiveCfg = Release|Win32
		{5730A80F-A173-4F10-BF32-31BFF25BB49A}.Release|x86.Build.0 = Release|Win32
		{40019CFF-D32E-4BCF-9831-17F1F15690C5}.Debug|x64.ActiveCfg = Debug|x64
		{40019CFF-D32E-4BCF-9831-17F1F15690C5}.Debug|x64.Build.0 = Debug|x64
		{40019CFF-D32E-4BCF-9831-17F1F15690C5}.Debug|x86.ActiveCfg = Debug|Win32
		{40019CFF-D32E-4BCF-9831-17F1F15690C5}.Debug|x86.Build.0 = Debug|Win32
		{40019CFF-D32E-4BCF-9831-17F1F15690C5}.Release|x64.ActiveCfg = Release|x64
		{40019CFF-D32E-4BCF-9831-17F1F15690C5}.Release|x64.Build.0 = Release|x64
		{40019CFF-D32E-4BCF-9831-17F1F15690C5}.Release|x86.ActiveCfg = Release|Win32
		{40019CFF-D32E-4BCF-9831-17F1F15690C5}.Release|x86.Build.0 = Release|Win32
		{9FA093F1-A096-447A-979A-B9E9D808C82C}.Debug|x64.ActiveCfg = Debug|x64
		{9FA093F1-A096-447A-979A-B9E9D808C82C}.Debug|x64.Build.0 = Debug|x64
		{9FA093F1-A096-447A-979A-B9E9D808C82C}.Debug|x86.ActiveCfg = Debug|Win32
		{9FA093F1-A096-447A-979A-B9E9D808C82C}.Debug|x86.Build.0 = Debug|Win32
		{9FA093F1-A096-447A-979A-B9E9D808C82C}.Release|x64.ActiveCfg = Release|x64
		{9FA093F1-A096-447A-979A-B9E9D808C82C}.Release|x64.Build.0 = Release|x64
		{9FA093F1-A096-447A-979A-B9E9D808C82C}.Release|x86.ActiveCfg = Release|Win32
		{9FA093F1-A096-447A-979A-B9E9D808C82C}.Release|x86.Build.0 = Release|Win32
		{3EDA72B4-0BF1-4D04-ADE4-B6ED77CDB985}.Debug|x64.ActiveCfg = Debug|x64
		{3EDA72B4-0BF1-4D04-ADE4-B6ED77CDB985}.Debug|x64.Build.0 = Debug|x64
		{3EDA72B4-0BF1-4D04-ADE4-B6ED77CDB985}.Debug|x86.ActiveCfg = Debug|Win32
		{3EDA72B4-0BF1-4D04-ADE4-B6ED77CDB985}.Debug|x86.Build.0 = Debug|Win32
		{3EDA72B4-0BF1-4D04-ADE4-B6ED77CDB985}.Release|x64.ActiveCfg = Release|x64
		{3EDA72B4-0BF1-4D04-ADE4-B6ED77CDB985}.Release|x64.Build.0 = Release|x64
		{3EDA72B4-0BF1-4D04-ADE4-B6ED77CDB985}.Release|x86.ActiveCfg = Release|Win32
		{3EDA72B4-0BF1-4D04-ADE4-B6ED77CDB985}.Release|x86.Build.0 = Release|Win32
		{B0D5A230-6C44-4216-90A3-78217A1CB6D3}.Debug|x64.ActiveCfg = Debug|x64
		{B0D5A230-6C44-4216-90A3-78217A1CB6D3}.Debug|x64.Build.0 = Debug|x64
		{B0D5A230-6C44-4216-90A3-78217A1CB6D3}.Debug|x86.ActiveCfg = Debug|Win32
		{B0D5A230-6C44-4216-90A3-78217A1CB6D3}.Debug|x86.Build.0 = Debug|Win32
		{B0D5A230-6C44-4216-90A3-78217A1CB6D3}.Release|x64.ActiveCfg = Release|x64
		{B0D5A230-6C44-4216-90A3-78217A1CB6D3}.Release|x64.Build.0 = Release|x64
		{B0D5A230-6C44-4216-90A3-78217A1CB6D3}.Release|x86.ActiveCfg = Release|Win32
		{B0D5A230-6C44-4216-90A3-78217A1CB6D3}.Release|x86.Build.0 = Release|Win32
		{3D8802C1-4B39-4048-8341-871DE451A00B}.Debug|x64.ActiveCfg = Debug|x64
		{3D8802C1-4B39-4048-8341-871DE451A00B}.Debug|x64.Build.0 = Debug|x64
		{3D8802C1-4B39-4048-8341-871DE451A00B}.Debug|x86.ActiveCfg = Debug|Win32
		{3D8802C1-4B39-4048-8341-871DE451A00B}.Debug|x86.Build.0 = Debug|Win32
		{3D8802C1-4B39-4048-8341-871DE451A00B}.Release|x64.ActiveCfg = Release|x64
		{3D8802C1-4B39-4048-8341-871DE451A00B}.Release|x64.Build.0 = Release|x64
		{3D8802C1-4B39-4048-8341-871DE451A00B}.Release|x86.ActiveCfg = Release|Win32
		{3D8802C1-4B39-4048-8341-871DE451A00B}.Release|x86.Build.0 = Release|Win32
		{9DBCE6B3-8CBD-4A62-BFD1-315A8459C8B0}.Debug|x64.ActiveCfg = Debug|x64
		{9DBCE6B3-8CBD-4A62-BFD1-315A8459C8B0}.Debug|x64.Build.0 = Debug|x64
		{9DBCE6B3-8CBD-4A62-BFD1-315A8459C8B0}.Debug|x86.ActiveCfg = Debug|Win32
		{9DBCE6B3-8CBD-4A62-BFD1-315A8459C8B0}.Debug|x86.Build.0 = Debug|Win32
		{9DBCE6B3-8CBD-4A62-BFD1-315A8459C8B0}.Release|x64.ActiveCfg = Release|x64
		{9DBCE6B3-8CBD-4A62-BFD1-315A8459C8B0}.Release|x64.Build.0 = Release|x64
		{9DBCE6B3-8CBD-4A62-BFD1-315A8459C8B0}.Release|x86.ActiveCfg = Release|Win32
		{9DBCE6B3-8CBD-4A62-BFD1-315A8459C8B0}.Release|x86.Build.0 = Release|Win32
		{5CA45C92-0666-4C96-B9D8-5962E67DE055}.Debug|x64.ActiveCfg = Debug|x64
		{5CA45C92-0666-4C96-B9D8-5962E67DE055}.Debug|x64.Build.0 = Debug|x64
		{5CA45C92-0666-4C96-B9D8-5962E67DE055}.Debug|x86.ActiveCfg = Debug|Win32
		{5CA45C92-0666-4C96-B9D8-5962E67DE055}.Debug|x86.Build.0 = Debug|Win32
		{5CA45C92-0666-4C96-B9D8-5962E67DE055}.Release|x64.ActiveCfg = Release|x64
		{5CA45C92-0666-4C96-B9D8-5962E67DE055}.Release|x64.Build.0 = Release|x64
		{5CA45C92-0666-4C96-B9D8-5962E67DE055}.Release|x86.ActiveCfg = Release|Win32
		{5CA45C92-0666-4C96-B9D8-5962E67DE055}.Release|x86.Build.0 = Release|Win32
		{E89B6DE9-E7F3-4FF8-92F8-D71E7BAC87E7}.Debug|x64.ActiveCfg = Debug|x64
		{E89B6DE9-E7F3-4FF8-92F8-D71E7BAC87E7}.Debug|x64.Build.0 = Debug|x64
		{E89B6DE9-E7F3-4FF8-92F8-D71E7BAC87E7}.Debug|x86.ActiveCfg = Debug|Win32
		{E89B6DE9-E7F3-4FF8-92F8-D71E7BAC87E7}.Debug|x86.Build.0 = Debug|Win32
		{E89B6DE9-E7F3-4FF8-92F8-D71E7BAC87E7}.Release|x64.ActiveCfg = Release|x64
		{E89B6DE9-E7F3-4FF8-92F8-D71E7BAC87E7}.Release|x64.Build.0 = Release|x64
		{E89B6DE9-E7F3-4FF8-92F8-D71E7BAC87E7}.Release|x86.ActiveCfg = Release|Win32
		{E89B6DE9-E7F3-4FF8-92F8-D71E7BAC87E7}.Release|x86.Build.0 = Release|Win32
		{B85EE1CB-1BE1-435D-8177-8C2485B3BB99}.Debug|x64.ActiveCfg = Debug|x64
		{B85EE1CB-1BE1-435D-8177-8C2485B3BB99}.Debug|x64.Build.0 = Debug|x64
		{B85EE1CB-1BE1-435D-8177-8C2485B3BB99}.Debug|x86.ActiveCfg = Debug|Win32
		{B85EE1CB-1BE1-435D-8177-8C2485B3BB99}.Debug|x86.Build.0 = Debug|Win32
		{B85EE1CB-1BE1-435D-8177-8C2485B3BB99}.Release|x64.ActiveCfg = Release|x64
		{B85EE1CB-1BE1-435D-8177-8C2485B3BB99}.Release|x64.Build.0 = Release|x64
		{B85EE1CB-1BE1-435D-8177-8C2485B3BB99}.Release|x86.ActiveCfg = Release|Win32
		{B85EE1CB-1BE1-435D-8177-8C2485B3BB99}.Release|x86.Build.0 = Release|Win32
	EndGlobalSection
	GlobalSection(SolutionProperties) = preSolution
		HideSolutionNode = FALSE
	EndGlobalSection
EndGlobal
